
Microsoft Visual Studio Solution File, Format Version 11.00
# Visual Studio 2010
Project("{FAE04EC0-301F-11D3-BF4B-00C04F79EFBC}") = "Gleed2D.InGame.XBox", "Gleed2D.InGame.Windows\Gleed2D.InGame.XBox.csproj", "{975C1919-0BD7-4B1A-AEBD-EAA994BD3B49}"
EndProject
Project("{FAE04EC0-301F-11D3-BF4B-00C04F79EFBC}") = "Gleed2D.InGame.KryptonProperties.XBox", "Gleed2D.InGame.KryptonProperties.Windows\Gleed2D.InGame.KryptonProperties.XBox.csproj", "{74C2D090-A0D7-4EA4-BD46-14C35FB2117F}"
EndProject
Global
	GlobalSection(SolutionConfigurationPlatforms) = preSolution
		Debug|Any CPU = Debug|Any CPU
		Debug|Mixed Platforms = Debug|Mixed Platforms
		Debug|Windows Phone = Debug|Windows Phone
		Debug|x86 = Debug|x86
		Debug|Xbox 360 = Debug|Xbox 360
		Release|Any CPU = Release|Any CPU
		Release|Mixed Platforms = Release|Mixed Platforms
		Release|Windows Phone = Release|Windows Phone
		Release|x86 = Release|x86
		Release|Xbox 360 = Release|Xbox 360
	EndGlobalSection
	GlobalSection(ProjectConfigurationPlatforms) = postSolution
		{975C1919-0BD7-4B1A-AEBD-EAA994BD3B49}.Debug|Any CPU.ActiveCfg = Debug|Xbox 360
		{975C1919-0BD7-4B1A-AEBD-EAA994BD3B49}.Debug|Mixed Platforms.ActiveCfg = Debug|Xbox 360
		{975C1919-0BD7-4B1A-AEBD-EAA994BD3B49}.Debug|Mixed Platforms.Build.0 = Debug|Xbox 360
		{975C1919-0BD7-4B1A-AEBD-EAA994BD3B49}.Debug|Windows Phone.ActiveCfg = Debug|Xbox 360
		{975C1919-0BD7-4B1A-AEBD-EAA994BD3B49}.Debug|Windows Phone.Build.0 = Debug|Xbox 360
		{975C1919-0BD7-4B1A-AEBD-EAA994BD3B49}.Debug|x86.ActiveCfg = Debug|Xbox 360
		{975C1919-0BD7-4B1A-AEBD-EAA994BD3B49}.Debug|Xbox 360.ActiveCfg = Debug|Xbox 360
		{975C1919-0BD7-4B1A-AEBD-EAA994BD3B49}.Debug|Xbox 360.Build.0 = Debug|Xbox 360
		{975C1919-0BD7-4B1A-AEBD-EAA994BD3B49}.Release|Any CPU.ActiveCfg = Release|Xbox 360
		{975C1919-0BD7-4B1A-AEBD-EAA994BD3B49}.Release|Mixed Platforms.ActiveCfg = Release|Xbox 360
		{975C1919-0BD7-4B1A-AEBD-EAA994BD3B49}.Release|Mixed Platforms.Build.0 = Release|Xbox 360
		{975C1919-0BD7-4B1A-AEBD-EAA994BD3B49}.Release|Windows Phone.ActiveCfg = Release|Xbox 360
		{975C1919-0BD7-4B1A-AEBD-EAA994BD3B49}.Release|Windows Phone.Build.0 = Release|Xbox 360
		{975C1919-0BD7-4B1A-AEBD-EAA994BD3B49}.Release|x86.ActiveCfg = Release|Xbox 360
		{975C1919-0BD7-4B1A-AEBD-EAA994BD3B49}.Release|Xbox 360.ActiveCfg = Release|Xbox 360
		{975C1919-0BD7-4B1A-AEBD-EAA994BD3B49}.Release|Xbox 360.Build.0 = Release|Xbox 360
		{74C2D090-A0D7-4EA4-BD46-14C35FB2117F}.Debug|Any CPU.ActiveCfg = Debug|Xbox 360
		{74C2D090-A0D7-4EA4-BD46-14C35FB2117F}.Debug|Mixed Platforms.ActiveCfg = Debug|Xbox 360
		{74C2D090-A0D7-4EA4-BD46-14C35FB2117F}.Debug|Mixed Platforms.Build.0 = Debug|Xbox 360
		{74C2D090-A0D7-4EA4-BD46-14C35FB2117F}.Debug|Windows Phone.ActiveCfg = Debug|Xbox 360
		{74C2D090-A0D7-4EA4-BD46-14C35FB2117F}.Debug|x86.ActiveCfg = Debug|Xbox 360
		{74C2D090-A0D7-4EA4-BD46-14C35FB2117F}.Debug|Xbox 360.ActiveCfg = Debug|Xbox 360
		{74C2D090-A0D7-4EA4-BD46-14C35FB2117F}.Debug|Xbox 360.Build.0 = Debug|Xbox 360
		{74C2D090-A0D7-4EA4-BD46-14C35FB2117F}.Release|Any CPU.ActiveCfg = Release|Xbox 360
		{74C2D090-A0D7-4EA4-BD46-14C35FB2117F}.Release|Mixed Platforms.ActiveCfg = Release|Xbox 360
		{74C2D090-A0D7-4EA4-BD46-14C35FB2117F}.Release|Mixed Platforms.Build.0 = Release|Xbox 360
		{74C2D090-A0D7-4EA4-BD46-14C35FB2117F}.Release|Windows Phone.ActiveCfg = Release|Xbox 360
		{74C2D090-A0D7-4EA4-BD46-14C35FB2117F}.Release|x86.ActiveCfg = Release|Xbox 360
		{74C2D090-A0D7-4EA4-BD46-14C35FB2117F}.Release|Xbox 360.ActiveCfg = Release|Xbox 360
		{74C2D090-A0D7-4EA4-BD46-14C35FB2117F}.Release|Xbox 360.Build.0 = Release|Xbox 360
	EndGlobalSection
	GlobalSection(SolutionProperties) = preSolution
		HideSolutionNode = FALSE
	EndGlobalSection
EndGlobal
